hash: 68cd7896bcd91d39c1e5691cbd19af2c23e76a81d85f2acda310ee14fc9cddd2
updated: 2017-06-21T15:34:40.245376569+07:00
imports:
- name: cloud.google.com/go
  version: d4f8670e9dba7e0c9dd3f6da843d678afd21c587
  subpackages:
  - compute/metadata
  - iam
  - internal
  - internal/optional
  - internal/version
  - storage
- name: github.com/acoshift/cachestatic
  version: 76c349efd085b9bd50261f3b71b3b1772a359e9b
- name: github.com/acoshift/configfile
  version: c416a3c1e7fab6eaaf0e3ee56ec17793a485eddf
- name: github.com/acoshift/flash
  version: 63dbe8e58db386dd783a24d3f8d649ec34111a50
- name: github.com/acoshift/go-firebase-admin
  version: 59385f310dc0842016b15b778b80dc54c4cca528
- name: github.com/acoshift/gzip
  version: 4d0cdce0d0fc57666ffcf5803e97a35d15a9e848
- name: github.com/acoshift/header
  version: 5c88c77f50897ba89140829b44b9d96c5050ff5a
- name: github.com/acoshift/middleware
  version: 2e4eb0b97b0ca9d8cfd42330dcc7c746c6acc1a5
- name: github.com/acoshift/servertiming
  version: 87b7a21e4eb43ec7d54da072aebf88cb2af97c0a
- name: github.com/acoshift/session
  version: 9e444f59736658097b5677e3296eb2eb7ce584fc
  subpackages:
  - store/redis
- name: github.com/asaskevich/govalidator
  version: aa5cce4a76edb1a5acecab1870c17abbffb5419e
- name: github.com/dgrijalva/jwt-go
  version: a539ee1a749a2b895533f979515ac7e6e0f5b650
- name: github.com/disintegration/imaging
  version: ac27d1805a555e1754fa177216ee07f4e63c30b5
- name: github.com/dustin/go-humanize
  version: 259d2a102b871d17f30e3cd9881a642961a1e486
- name: github.com/garyburd/redigo
  version: 57f1cd7de6175c96b423e7ac2534ff2b39e2ef79
  subpackages:
  - internal
  - redis
- name: github.com/golang/protobuf
  version: 1fb8fd32a09087bcd727225167edd31e1b9ceb24
  subpackages:
  - proto
  - protoc-gen-go/descriptor
  - ptypes/any
- name: github.com/google/uuid
  version: 6a5e28554805e78ea6141142aba763936c4761c0
- name: github.com/googleapis/gax-go
  version: 84ed26760e7f6f80887a2fbfb50db3cc415d2cea
- name: github.com/lib/pq
  version: 8837942c3e09574accbc5f150e2c5e057189cace
  subpackages:
  - oid
- name: github.com/microcosm-cc/bluemonday
  version: e79763773ab6222ca1d5a7cbd9d62d83c1f77081
- name: github.com/russross/blackfriday
  version: 067529f716f4c3f5e37c8c95ddd59df1007290ae
- name: github.com/tdewolff/buffer
  version: df6253e2a2cda5aba1b5d0c59fc5bdf0a98ae192
- name: github.com/tdewolff/minify
  version: 2d28d6e43c68537a32f9b835a89d5038ebcb6ec9
  subpackages:
  - css
  - html
  - js
- name: github.com/tdewolff/parse
  version: e3d09bbcbf6d7721468bbe5deb35fe71da57d0f3
  subpackages:
  - css
  - html
  - js
- name: github.com/tdewolff/strconv
  version: 3e8091f4417ebaaa3910da63a45ea394ebbfb0e3
- name: golang.org/x/image
  version: 426cfd8eeb6e08ab1932954e09e3c2cb2bc6e36d
  subpackages:
  - bmp
  - tiff
  - tiff/lzw
- name: golang.org/x/net
  version: 057a25b06247e0c51ba15d8ae475feb2fcb72164
  subpackages:
  - context
  - context/ctxhttp
  - html
  - html/atom
  - http2
  - http2/hpack
  - idna
  - internal/timeseries
  - lex/httplex
  - trace
  - xsrftoken
- name: golang.org/x/oauth2
  version: f047394b6d14284165300fd82dad67edb3a4d7f6
  subpackages:
  - google
  - internal
  - jws
  - jwt
- name: golang.org/x/text
  version: 4e9ab9ee170f2a39bd66c92b3e0a47ff47a4bc77
  subpackages:
  - secure/bidirule
  - transform
  - unicode/bidi
  - unicode/norm
- name: google.golang.org/api
  version: 324744a33f1f37e63dd1695cfb3ec9a3e4a1cb05
  subpackages:
  - gensupport
  - googleapi
  - googleapi/internal/uritemplates
  - googleapi/transport
  - identitytoolkit/v3
  - internal
  - iterator
  - option
  - storage/v1
  - transport
- name: google.golang.org/appengine
  version: a2f4131514e563cedfdb6e7d267df9ad48591e93
  subpackages:
  - internal
  - internal/app_identity
  - internal/base
  - internal/datastore
  - internal/log
  - internal/modules
  - internal/remote_api
  - internal/socket
  - internal/urlfetch
  - socket
  - urlfetch
- name: google.golang.org/genproto
  version: aa2eb687b4d3e17154372564ad8d6bf11c3cf21f
  subpackages:
  - googleapis/api/annotations
  - googleapis/iam/v1
  - googleapis/rpc/status
- name: google.golang.org/grpc
  version: 40e7a759a035a36611d6c9a3c2acb11ce1497727
  subpackages:
  - codes
  - credentials
  - credentials/oauth
  - grpclb/grpc_lb_v1
  - grpclog
  - internal
  - keepalive
  - metadata
  - naming
  - peer
  - stats
  - status
  - tap
  - transport
- name: gopkg.in/alexcesaro/quotedprintable.v3
  version: 2caba252f4dc53eaf6b553000885530023f54623
- name: gopkg.in/gomail.v2
  version: 81ebce5c23dfd25c6c67194b37d3dd3f338c98b1
- name: gopkg.in/yaml.v2
  version: cd8b52f8269e0feb286dfeef29f8fe4d5b397e0b
testImports: []
