hash: faba407d5cb6689e595ee16388cef269f488160b1d03ad07ec0b1770c3a7d7a7
updated: 2017-07-17T01:43:36.559308925+07:00
imports:
- name: cloud.google.com/go
  version: 242055bb2e2977620eca971b4e9aea46c4e31deb
  subpackages:
  - compute/metadata
  - iam
  - internal
  - internal/optional
  - internal/version
  - storage
- name: github.com/acoshift/cachestatic
  version: d3bd9ab0508f74193ceef59ad577cbe5baad253a
- name: github.com/acoshift/configfile
  version: c416a3c1e7fab6eaaf0e3ee56ec17793a485eddf
- name: github.com/acoshift/flash
  version: 63dbe8e58db386dd783a24d3f8d649ec34111a50
- name: github.com/acoshift/go-firebase-admin
  version: ff6f1b1aa4e582c4261dda8ff2abc01c3ec2db03
- name: github.com/acoshift/gzip
  version: 4d0cdce0d0fc57666ffcf5803e97a35d15a9e848
- name: github.com/acoshift/header
  version: 5c88c77f50897ba89140829b44b9d96c5050ff5a
- name: github.com/acoshift/middleware
  version: 2e4eb0b97b0ca9d8cfd42330dcc7c746c6acc1a5
- name: github.com/acoshift/servertiming
  version: 87b7a21e4eb43ec7d54da072aebf88cb2af97c0a
- name: github.com/acoshift/session
  version: f0ebb92125ed47a1161484d6ef105ad1818a3dd3
  subpackages:
  - store/redis
- name: github.com/asaskevich/govalidator
  version: aa5cce4a76edb1a5acecab1870c17abbffb5419e
- name: github.com/dgrijalva/jwt-go
  version: a539ee1a749a2b895533f979515ac7e6e0f5b650
- name: github.com/disintegration/imaging
  version: 1b5cf1a92e375a4574a8214eb877fc3f721a612d
- name: github.com/dustin/go-humanize
  version: 259d2a102b871d17f30e3cd9881a642961a1e486
- name: github.com/garyburd/redigo
  version: 9f3a0116c9f72c5a56f958206a43dc881b502c37
  subpackages:
  - internal
  - redis
- name: github.com/golang/protobuf
  version: 0a4f71a498b7c4812f64969510bcb4eca251e33a
  subpackages:
  - proto
  - protoc-gen-go/descriptor
  - ptypes/any
- name: github.com/google/uuid
  version: 1c6adf5cd133db09196c44ffae1f77ebf4da64aa
- name: github.com/googleapis/gax-go
  version: 84ed26760e7f6f80887a2fbfb50db3cc415d2cea
- name: github.com/lib/pq
  version: dd1fe2071026ce53f36a39112e645b4d4f5793a4
  subpackages:
  - oid
- name: github.com/microcosm-cc/bluemonday
  version: e79763773ab6222ca1d5a7cbd9d62d83c1f77081
- name: github.com/russross/blackfriday
  version: 067529f716f4c3f5e37c8c95ddd59df1007290ae
- name: github.com/tdewolff/buffer
  version: df6253e2a2cda5aba1b5d0c59fc5bdf0a98ae192
- name: github.com/tdewolff/minify
  version: 2d28d6e43c68537a32f9b835a89d5038ebcb6ec9
  subpackages:
  - css
  - html
  - js
- name: github.com/tdewolff/parse
  version: e4ac711ab0bf625c08270ba17557c30b2c1c5c2d
  subpackages:
  - css
  - html
  - js
- name: github.com/tdewolff/strconv
  version: 3e8091f4417ebaaa3910da63a45ea394ebbfb0e3
- name: golang.org/x/image
  version: 426cfd8eeb6e08ab1932954e09e3c2cb2bc6e36d
  subpackages:
  - bmp
  - tiff
  - tiff/lzw
- name: golang.org/x/net
  version: b3756b4b77d7b13260a0a2ec658753cf48922eac
  subpackages:
  - context
  - context/ctxhttp
  - html
  - html/atom
  - http2
  - http2/hpack
  - idna
  - internal/timeseries
  - lex/httplex
  - trace
  - xsrftoken
- name: golang.org/x/oauth2
  version: cce311a261e6fcf29de72ca96827bdb0b7d9c9e6
  subpackages:
  - google
  - internal
  - jws
  - jwt
- name: golang.org/x/text
  version: 836efe42bb4aa16aaa17b9c155d8813d336ed720
  subpackages:
  - secure/bidirule
  - transform
  - unicode/bidi
  - unicode/norm
- name: google.golang.org/api
  version: e665075b5ff79143ba49c58fab02df9dc122afd5
  subpackages:
  - gensupport
  - googleapi
  - googleapi/internal/uritemplates
  - googleapi/transport
  - identitytoolkit/v3
  - internal
  - iterator
  - option
  - storage/v1
  - transport
- name: google.golang.org/appengine
  version: ad2570cd3913654e00c5f0183b39d2f998e54046
  subpackages:
  - internal
  - internal/app_identity
  - internal/base
  - internal/datastore
  - internal/log
  - internal/modules
  - internal/remote_api
  - internal/socket
  - internal/urlfetch
  - socket
  - urlfetch
- name: google.golang.org/genproto
  version: b0a3dcfcd1a9bd48e63634bd8802960804cf8315
  subpackages:
  - googleapis/api/annotations
  - googleapis/iam/v1
  - googleapis/rpc/status
- name: google.golang.org/grpc
  version: d6723916d2e73e8824d22a1ba5c52f8e6255e6f8
  subpackages:
  - codes
  - credentials
  - credentials/oauth
  - grpclb/grpc_lb_v1
  - grpclog
  - internal
  - keepalive
  - metadata
  - naming
  - peer
  - stats
  - status
  - tap
  - transport
- name: gopkg.in/alexcesaro/quotedprintable.v3
  version: 2caba252f4dc53eaf6b553000885530023f54623
- name: gopkg.in/gomail.v2
  version: 81ebce5c23dfd25c6c67194b37d3dd3f338c98b1
- name: gopkg.in/yaml.v2
  version: 3b4ad1db5b2a649883ff3782f5f9f6fb52be71af
testImports: []
