# This file is autogenerated, do not edit; changes may be undone by the next 'dep ensure'.


[[projects]]
  branch = "master"
  digest = "1:781fb6770ce23b79bdbbabdc23d7d5ada6515bd6d7b80e7b3a907f8b4e435dfe"
  name = "cloud.google.com/go"
  packages = [
    "compute/metadata",
    "iam",
    "internal",
    "internal/optional",
    "internal/trace",
    "internal/version",
    "profiler",
    "storage",
  ]
  pruneopts = "NUT"
  revision = "af877f7607c7f59942abb4ded1fa14bce50b3fc8"

[[projects]]
  digest = "1:dc27d9777febe9e63ab33a2cd15e31ce8d9463932d2472cc7097dc662dedb5ab"
  name = "contrib.go.opencensus.io/exporter/stackdriver"
  packages = ["propagation"]
  pruneopts = "NUT"
  revision = "2b93072101d466aa4120b3c23c2e1b08af01541c"
  version = "v0.6.0"

[[projects]]
  branch = "master"
  digest = "1:6f92558b654df1486a82d34c933440050998c17b8047a99151fafd2c14d6166d"
  name = "github.com/acoshift/configfile"
  packages = [
    ".",
    "internal/reader",
  ]
  pruneopts = "NUT"
  revision = "9f378a548974a8abc39ca9efdc5eca5aa52cb372"

[[projects]]
  digest = "1:0bedc8f28f0c195fbae9309796cd13a8af030963ea8e1b8faf422cc4f866432f"
  name = "github.com/acoshift/flash"
  packages = ["."]
  pruneopts = "NUT"
  revision = "56166c1b990d0dcc9f136b86bb963ed7671aee2b"
  version = "v1.0.0"

[[projects]]
  digest = "1:d6e0cede4553ab2c25275a66940f99df221e5fe1c370cbdecdc219a17a859807"
  name = "github.com/acoshift/go-firebase-admin"
  packages = ["."]
  pruneopts = "NUT"
  revision = "0ac4300b3f17db83044cb32753807dbfba9d688f"
  version = "v0.0.6"

[[projects]]
  branch = "master"
  digest = "1:11ad65bb35f7092e1c7b68e13353cca75783724aa8d8d3bda028baaba8e93176"
  name = "github.com/acoshift/header"
  packages = ["."]
  pruneopts = "NUT"
  revision = "fbb24d14e0c3216d7c8dec20767dadd2871403fb"

[[projects]]
  branch = "master"
  digest = "1:961ac32d4e5eb1c688b09630de1845518695e46e9a3d8d8cfc21cbc2a815213b"
  name = "github.com/acoshift/hime"
  packages = ["."]
  pruneopts = "NUT"
  revision = "1ea9977a4811edb97424d6f39bc8e3b64b51527f"

[[projects]]
  branch = "master"
  digest = "1:3708b50c4edfc1c0699c1b4a11105a97e9d419515a0efea9cf9d8b0700105456"
  name = "github.com/acoshift/methodmux"
  packages = ["."]
  pruneopts = "NUT"
  revision = "d62722cdcf78f165e6573af71cb582f88da1545a"

[[projects]]
  branch = "master"
  digest = "1:8b38f65bb93d3f5cd57b4f403d737b157b182ec0a67edc3bcc8ff88a676976d6"
  name = "github.com/acoshift/middleware"
  packages = ["."]
  pruneopts = "NUT"
  revision = "278dcbceb879ff24c6f815f0c1cc5281f5ea9c9f"

[[projects]]
  digest = "1:7f2668169cab2b7cb40f9645b834a68b6b106cc46ea97746378323e01651c1fc"
  name = "github.com/acoshift/pgsql"
  packages = ["."]
  pruneopts = "NUT"
  revision = "b6f6483e2a82f6ebdb390fafa9671012901754ac"
  version = "v0.2.6"

[[projects]]
  branch = "master"
  digest = "1:8c48c69ace95afb5219d94bb96933fdc1f0d16de20cb9f79bb0c26e6a94fa927"
  name = "github.com/acoshift/prefixhandler"
  packages = ["."]
  pruneopts = "NUT"
  revision = "2db4e331fb42ad1e4e07eb522b6e8706d2a9796f"

[[projects]]
  branch = "master"
  digest = "1:ccda28f856031403d71f99c9f72081a4ec4756dd49accd6e6539fe9b29a48f93"
  name = "github.com/acoshift/session"
  packages = [
    ".",
    "store/goredis",
  ]
  pruneopts = "NUT"
  revision = "9d1255bf57048b482210b0296e50a4ca53ab3413"

[[projects]]
  digest = "1:307a817a7c003d27fd36a953757ed0641813c4ff917e27cd3115bdedb4cda52d"
  name = "github.com/acoshift/webstatic"
  packages = ["."]
  pruneopts = "NUT"
  revision = "3c215684dd1f8d6141f2b04ac71b1a080dc27c60"
  version = "v2.1.1"

[[projects]]
  branch = "master"
  digest = "1:0df282a1d6220ba71e2f5a5570640095c41e048374b9c4627ea8ed80c5dff970"
  name = "github.com/asaskevich/govalidator"
  packages = ["."]
  pruneopts = "NUT"
  revision = "f9ffefc3facfbe0caee3fea233cbb6e8208f4541"

[[projects]]
  digest = "1:7a6852b35eb5bbc184561443762d225116ae630c26a7c4d90546619f1e7d2ad2"
  name = "github.com/dgrijalva/jwt-go"
  packages = ["."]
  pruneopts = "NUT"
  revision = "06ea1031745cb8b3dab3f6a236daf2b0aa468b7e"
  version = "v3.2.0"

[[projects]]
  digest = "1:474af74658db619c7c5b1c67c61c3a6bbcc8f97ee5fdf48730be4518783e2c2c"
  name = "github.com/disintegration/imaging"
  packages = ["."]
  pruneopts = "NUT"
  revision = "bbcee2f5c9d5e94ca42c8b50ec847fec64a6c134"
  version = "v1.4.2"

[[projects]]
  branch = "master"
  digest = "1:b7ffca49e9cfd3dfb04a8e0a59347708c6f78f68476a32c5e0a0edca5d1b258c"
  name = "github.com/dustin/go-humanize"
  packages = ["."]
  pruneopts = "NUT"
  revision = "9f541cc9db5d55bce703bd99987c9d5cb8eea45e"

[[projects]]
  digest = "1:70af43f7acd15e2814ed449c0e8795dd5d6a951277f4f26c1a0480c99b15144c"
  name = "github.com/go-redis/redis"
  packages = [
    ".",
    "internal",
    "internal/consistenthash",
    "internal/hashtag",
    "internal/pool",
    "internal/proto",
    "internal/singleflight",
    "internal/util",
  ]
  pruneopts = "NUT"
  revision = "480db94d33e6088e08d628833b6c0705451d24bb"
  version = "v6.13.2"

[[projects]]
  digest = "1:b8a6f63b6844ca793a908877e066ab65f816aa82c2e4a5896278375b3d50e8a9"
  name = "github.com/golang/protobuf"
  packages = [
    "proto",
    "protoc-gen-go/descriptor",
    "ptypes",
    "ptypes/any",
    "ptypes/duration",
    "ptypes/timestamp",
  ]
  pruneopts = "NUT"
  revision = "b4deda0973fb4c70b50d226b1af49f3da59f5265"
  version = "v1.1.0"

[[projects]]
  digest = "1:36b55254b3375edfdb1b8249784135c2602699df8cda522cca7a0db11f8cc1c1"
  name = "github.com/google/brotli"
  packages = ["go/cbrotli"]
  pruneopts = "NUT"
  revision = "b601fe817bd3217cb144bbb380a43cae8e847388"
  version = "v1.0.5"

[[projects]]
  branch = "master"
  digest = "1:91b490799c74ef3580536c9356f753d9978cbe50c09757ebea3f819a79c9ec61"
  name = "github.com/google/pprof"
  packages = ["profile"]
  pruneopts = "NUT"
  revision = "cf6d271c80826ef4d30d55512b5a77b115bd4b9c"

[[projects]]
  digest = "1:1bb197a3b5db4e06e00b7560f8e89836c486627f2a0338332ed37daa003d259e"
  name = "github.com/google/uuid"
  packages = ["."]
  pruneopts = "NUT"
  revision = "064e2069ce9c359c118179501254f67d7d37ba24"
  version = "0.2"

[[projects]]
  digest = "1:fe852c57b4fc4d11e6ef79bce1e930ee2f2f7d148b370afef8f8d012a80960ea"
  name = "github.com/googleapis/gax-go"
  packages = ["."]
  pruneopts = "NUT"
  revision = "317e0006254c44a0ac427cc52a0e083ff0b9622f"
  version = "v2.0.0"

[[projects]]
  branch = "master"
  digest = "1:2c52c3bfa3e106abd7df09126db04bd385aa0f3c250508d8568896253e80cb10"
  name = "github.com/lib/pq"
  packages = [
    ".",
    "oid",
  ]
  pruneopts = "NUT"
  revision = "90697d60dd844d5ef6ff15135d0203f65d2f53b8"

[[projects]]
  branch = "master"
  digest = "1:a127ff6552f64ae4ff4ccc051201edba258f545221f40b4bdf1c2a7db8c0906b"
  name = "github.com/microcosm-cc/bluemonday"
  packages = ["."]
  pruneopts = "NUT"
  revision = "f2f6dc5b2a57d61194ac68bc1b82d0eebfd0c4e9"

[[projects]]
  digest = "1:bcfa8e184764796499312e55cd8a5fff63896eca0d6faff6b6e43ac6a98a498a"
  name = "github.com/russross/blackfriday"
  packages = ["."]
  pruneopts = "NUT"
  revision = "55d61fa8aa702f59229e6cff85793c22e580eaf5"
  version = "v1.5.1"

[[projects]]
  digest = "1:960d2997ec31a1aef52ee7e639a037a6fa7cabcc6857ba326ed4265ffc456124"
  name = "github.com/tdewolff/minify"
  packages = [
    ".",
    "css",
    "html",
    "js",
  ]
  pruneopts = "NUT"
  revision = "8d72a4127ae33b755e95bffede9b92e396267ce2"
  version = "v2.3.5"

[[projects]]
  digest = "1:d3272f10db463acfe1d752a137d7d40ae4506737ee371889d68860f044f8e2d9"
  name = "github.com/tdewolff/parse"
  packages = [
    ".",
    "buffer",
    "css",
    "html",
    "js",
    "strconv",
  ]
  pruneopts = "NUT"
  revision = "d739d6fccb0971177e06352fea02d3552625efb1"
  version = "v2.3.3"

[[projects]]
  digest = "1:805112bc49126b3ee2b3a27c996c774e5811ebe183f5b5ce00d65da0dd7a44fa"
  name = "go.opencensus.io"
  packages = [
    ".",
    "internal",
    "internal/tagencoding",
    "plugin/ocgrpc",
    "plugin/ochttp",
    "plugin/ochttp/propagation/b3",
    "stats",
    "stats/internal",
    "stats/view",
    "tag",
    "trace",
    "trace/internal",
    "trace/propagation",
  ]
  pruneopts = "NUT"
  revision = "7b558058b7cc960667590e5413ef55157b06652e"
  version = "v0.15.0"

[[projects]]
  branch = "master"
  digest = "1:d7ca20afe3232af92ca012f69bdb647bfb4e420e47140da3a8bfdc913fbddfce"
  name = "golang.org/x/image"
  packages = [
    "bmp",
    "tiff",
    "tiff/lzw",
  ]
  pruneopts = "NUT"
  revision = "c73c2afc3b812cdd6385de5a50616511c4a3d458"

[[projects]]
  branch = "master"
  digest = "1:43944eb236abe5aca1afc52f19ce4db26cbbd87b5ac88f6f9fbf60c6589ff738"
  name = "golang.org/x/net"
  packages = [
    "context",
    "context/ctxhttp",
    "html",
    "html/atom",
    "http/httpguts",
    "http2",
    "http2/hpack",
    "idna",
    "internal/timeseries",
    "trace",
  ]
  pruneopts = "NUT"
  revision = "c39426892332e1bb5ec0a434a079bf82f5d30c54"

[[projects]]
  branch = "master"
  digest = "1:4182888816989aa2ac1cd1f160bc9c8f32a831d7317d33731616eb27496e6e98"
  name = "golang.org/x/oauth2"
  packages = [
    ".",
    "google",
    "internal",
    "jws",
    "jwt",
  ]
  pruneopts = "NUT"
  revision = "3d292e4d0cdc3a0113e6d207bb137145ef1de42f"

[[projects]]
  branch = "master"
  digest = "1:e73252ec48f8c6e92a565b3e1381298bb88d2fe261fc2de619dd5e24a9a663be"
  name = "golang.org/x/sys"
  packages = ["unix"]
  pruneopts = "NUT"
  revision = "4e1fef5609515ec7a2cee7b5de30ba6d9b438cbf"

[[projects]]
  digest = "1:a0f29009397dc27c9dc8440f0945d49e5cbb9b72d0b0fc745474d9bfdea2d9f8"
  name = "golang.org/x/text"
  packages = [
    "collate",
    "collate/build",
    "internal/colltab",
    "internal/gen",
    "internal/tag",
    "internal/triegen",
    "internal/ucd",
    "language",
    "secure/bidirule",
    "transform",
    "unicode/bidi",
    "unicode/cldr",
    "unicode/norm",
    "unicode/rangetable",
  ]
  pruneopts = "NUT"
  revision = "f21a4dfb5e38f5895301dc265a8def02365cc3d0"
  version = "v0.3.0"

[[projects]]
  branch = "master"
  digest = "1:2d7346ddfdef34df33690a9a1fff737e964c4a1f60495b3f08a87d0de9c3d21e"
  name = "google.golang.org/api"
  packages = [
    "gensupport",
    "googleapi",
    "googleapi/internal/uritemplates",
    "googleapi/transport",
    "identitytoolkit/v3",
    "internal",
    "iterator",
    "option",
    "storage/v1",
    "transport",
    "transport/grpc",
    "transport/http",
  ]
  pruneopts = "NUT"
  revision = "0e8d13b5c025da6a7cf249bb854e5869921dd459"

[[projects]]
  digest = "1:9966556287d8da076caf7e34d345c80e925c947ce1fa3dea6a50999ad02b87ea"
  name = "google.golang.org/appengine"
  packages = [
    ".",
    "internal",
    "internal/app_identity",
    "internal/base",
    "internal/datastore",
    "internal/log",
    "internal/modules",
    "internal/remote_api",
    "internal/socket",
    "internal/urlfetch",
    "socket",
    "urlfetch",
  ]
  pruneopts = "NUT"
  revision = "b1f26356af11148e710935ed1ac8a7f5702c7612"
  version = "v1.1.0"

[[projects]]
  branch = "master"
  digest = "1:404312fbc823ed898b19a5ede2b70f10be20cc4743f79bc8ad8e8fbec9c2e916"
  name = "google.golang.org/genproto"
  packages = [
    "googleapis/api/annotations",
    "googleapis/devtools/cloudprofiler/v2",
    "googleapis/iam/v1",
    "googleapis/rpc/code",
    "googleapis/rpc/errdetails",
    "googleapis/rpc/status",
    "protobuf/field_mask",
  ]
  pruneopts = "NUT"
  revision = "383e8b2c3b9e36c4076b235b32537292176bae20"

[[projects]]
  digest = "1:b6ce4dec4c9daddb797dbfae2e12e4ce822a953802021fe965ac767658226c4d"
  name = "google.golang.org/grpc"
  packages = [
    ".",
    "balancer",
    "balancer/base",
    "balancer/roundrobin",
    "codes",
    "connectivity",
    "credentials",
    "credentials/oauth",
    "encoding",
    "encoding/proto",
    "grpclog",
    "internal",
    "internal/backoff",
    "internal/channelz",
    "internal/envconfig",
    "internal/grpcrand",
    "internal/transport",
    "keepalive",
    "metadata",
    "naming",
    "peer",
    "resolver",
    "resolver/dns",
    "resolver/passthrough",
    "stats",
    "status",
    "tap",
  ]
  pruneopts = "NUT"
  revision = "32fb0ac620c32ba40a4626ddf94d90d12cce3455"
  version = "v1.14.0"

[[projects]]
  branch = "v3"
  digest = "1:1244a9b3856f70d5ffb74bbfd780fc9d47f93f2049fa265c6fb602878f507bf8"
  name = "gopkg.in/alexcesaro/quotedprintable.v3"
  packages = ["."]
  pruneopts = "NUT"
  revision = "2caba252f4dc53eaf6b553000885530023f54623"

[[projects]]
  digest = "1:d852dd703c644c976246382fe1539e8585cc20d642d3e68d3dff8de952237497"
  name = "gopkg.in/gomail.v2"
  packages = ["."]
  pruneopts = "NUT"
  revision = "41f3572897373c5538c50a2402db15db079fa4fd"
  version = "2.0.0"

[[projects]]
  branch = "v2"
  digest = "1:7c95b35057a0ff2e19f707173cc1a947fa43a6eb5c4d300d196ece0334046082"
  name = "gopkg.in/yaml.v2"
  packages = ["."]
  pruneopts = "NUT"
  revision = "5420a8b6744d3b0345ab293f6fcba19c978f1183"

[solve-meta]
  analyzer-name = "dep"
  analyzer-version = 1
  input-imports = [
    "cloud.google.com/go/profiler",
    "cloud.google.com/go/storage",
    "github.com/acoshift/configfile",
    "github.com/acoshift/go-firebase-admin",
    "github.com/acoshift/header",
    "github.com/acoshift/hime",
    "github.com/acoshift/methodmux",
    "github.com/acoshift/middleware",
    "github.com/acoshift/pgsql",
    "github.com/acoshift/prefixhandler",
    "github.com/acoshift/session",
    "github.com/acoshift/session/store/goredis",
    "github.com/acoshift/webstatic",
    "github.com/asaskevich/govalidator",
    "github.com/disintegration/imaging",
    "github.com/dustin/go-humanize",
    "github.com/go-redis/redis",
    "github.com/google/uuid",
    "github.com/lib/pq",
    "github.com/microcosm-cc/bluemonday",
    "github.com/russross/blackfriday",
    "google.golang.org/api/option",
    "gopkg.in/gomail.v2",
    "gopkg.in/yaml.v2",
  ]
  solver-name = "gps-cdcl"
  solver-version = 1
