# This file is autogenerated, do not edit; changes may be undone by the next 'dep ensure'.


[[projects]]
  name = "cloud.google.com/go"
  packages = ["compute/metadata","iam","internal","internal/optional","internal/version","storage"]
  revision = "a5913b3f7deecba45e98ff33cefbac4fd204ddd7"
  version = "v0.10.0"

[[projects]]
  name = "github.com/acoshift/cachestatic"
  packages = ["."]
  revision = "597e0ba152e95b0ffcb0e8aa40c53875523a5c83"
  version = "v1.4.1"

[[projects]]
  branch = "master"
  name = "github.com/acoshift/configfile"
  packages = ["."]
  revision = "c416a3c1e7fab6eaaf0e3ee56ec17793a485eddf"

[[projects]]
  name = "github.com/acoshift/flash"
  packages = ["."]
  revision = "8e9dac15e37aaa00f6cab6717946bfddf42d573a"
  version = "v0.1.1"

[[projects]]
  name = "github.com/acoshift/go-firebase-admin"
  packages = ["."]
  revision = "e9222cf3e0e3a9dcf81a2cc91d270720f2aefc86"
  version = "v0.0.3"

[[projects]]
  name = "github.com/acoshift/gzip"
  packages = ["."]
  revision = "4d0cdce0d0fc57666ffcf5803e97a35d15a9e848"
  version = "v1.0.1"

[[projects]]
  branch = "master"
  name = "github.com/acoshift/header"
  packages = ["."]
  revision = "5c88c77f50897ba89140829b44b9d96c5050ff5a"

[[projects]]
  name = "github.com/acoshift/hsts"
  packages = ["."]
  revision = "f42a6a0e9824c7a7a3fb13cc3b92c6b10064b0a8"
  version = "v0.1.1"

[[projects]]
  name = "github.com/acoshift/middleware"
  packages = ["."]
  revision = "eb528086425529ef1d014404066c11b3bfa15a92"
  version = "v0.2.0"

[[projects]]
  name = "github.com/acoshift/redirecthttps"
  packages = ["."]
  revision = "20709bf41e76ae479a4028a6f55639d5ddcf14b7"
  version = "v0.1.1"

[[projects]]
  branch = "master"
  name = "github.com/acoshift/servertiming"
  packages = ["."]
  revision = "87b7a21e4eb43ec7d54da072aebf88cb2af97c0a"

[[projects]]
  name = "github.com/acoshift/session"
  packages = [".","store/redis"]
  revision = "eb52de9bcdedfe4ae9bc7d6d112a92914d15b2c6"
  version = "v0.3.2"

[[projects]]
  name = "github.com/asaskevich/govalidator"
  packages = ["."]
  revision = "4918b99a7cb949bb295f3c7bbaf24b577d806e35"
  version = "v6"

[[projects]]
  name = "github.com/dgrijalva/jwt-go"
  packages = ["."]
  revision = "d2709f9f1f31ebcda9651b03077758c1f3a0018c"
  version = "v3.0.0"

[[projects]]
  name = "github.com/disintegration/imaging"
  packages = ["."]
  revision = "a5858022df0e1734a59f973fffe3f87b51c087ed"
  version = "v1.2.1"

[[projects]]
  branch = "master"
  name = "github.com/dustin/go-humanize"
  packages = ["."]
  revision = "259d2a102b871d17f30e3cd9881a642961a1e486"

[[projects]]
  name = "github.com/garyburd/redigo"
  packages = ["internal","redis"]
  revision = "433969511232c397de61b1442f9fd49ec06ae9ba"
  version = "v1.1.0"

[[projects]]
  branch = "master"
  name = "github.com/golang/protobuf"
  packages = ["proto","protoc-gen-go/descriptor","ptypes/any"]
  revision = "ab9f9a6dab164b7d1246e0e688b0ab7b94d8553e"

[[projects]]
  name = "github.com/google/uuid"
  packages = ["."]
  revision = "064e2069ce9c359c118179501254f67d7d37ba24"
  version = "0.2"

[[projects]]
  branch = "master"
  name = "github.com/googleapis/gax-go"
  packages = ["."]
  revision = "84ed26760e7f6f80887a2fbfb50db3cc415d2cea"

[[projects]]
  branch = "master"
  name = "github.com/lib/pq"
  packages = [".","oid"]
  revision = "e42267488fe361b9dc034be7a6bffef5b195bceb"

[[projects]]
  branch = "master"
  name = "github.com/microcosm-cc/bluemonday"
  packages = ["."]
  revision = "f0d1606e9e60cb2428f85ddcbfcccfeb6b507586"

[[projects]]
  name = "github.com/russross/blackfriday"
  packages = ["."]
  revision = "0b647d0506a698cca42caca173e55559b12a69f2"
  version = "v1.4"

[[projects]]
  branch = "master"
  name = "github.com/shurcooL/sanitized_anchor_name"
  packages = ["."]
  revision = "541ff5ee47f1dddf6a5281af78307d921524bcb5"

[[projects]]
  name = "github.com/tdewolff/buffer"
  packages = ["."]
  revision = "43cef5ba7b6ce99cc410632dad46cf1c6c97026e"
  version = "v1.0.0"

[[projects]]
  name = "github.com/tdewolff/minify"
  packages = [".","css","html","js"]
  revision = "bf4ffcc476fdee34561726f5b5523dc0f87a707a"
  version = "v2.1.0"

[[projects]]
  name = "github.com/tdewolff/parse"
  packages = [".","css","html","js"]
  revision = "70d04d8c1ad44f8f9e435a056f276910cb1f29bf"
  version = "v2.1.0"

[[projects]]
  name = "github.com/tdewolff/strconv"
  packages = ["."]
  revision = "3e8091f4417ebaaa3910da63a45ea394ebbfb0e3"
  version = "v1.0.0"

[[projects]]
  branch = "master"
  name = "golang.org/x/image"
  packages = ["bmp","tiff","tiff/lzw"]
  revision = "426cfd8eeb6e08ab1932954e09e3c2cb2bc6e36d"

[[projects]]
  branch = "master"
  name = "golang.org/x/net"
  packages = ["context","context/ctxhttp","html","html/atom","http2","http2/hpack","idna","internal/timeseries","lex/httplex","trace","xsrftoken"]
  revision = "1c05540f6879653db88113bc4a2b70aec4bd491f"

[[projects]]
  branch = "master"
  name = "golang.org/x/oauth2"
  packages = [".","google","internal","jws","jwt"]
  revision = "9a379c6b3e95a790ffc43293c2a78dee0d7b6e20"

[[projects]]
  branch = "master"
  name = "golang.org/x/text"
  packages = ["internal/gen","internal/triegen","internal/ucd","secure/bidirule","transform","unicode/bidi","unicode/cldr","unicode/norm","unicode/rangetable"]
  revision = "e56139fd9c5bc7244c76116c68e500765bb6db6b"

[[projects]]
  branch = "master"
  name = "google.golang.org/api"
  packages = ["gensupport","googleapi","googleapi/internal/uritemplates","googleapi/transport","identitytoolkit/v3","internal","iterator","option","storage/v1","transport","transport/grpc","transport/http"]
  revision = "dd6bdadc5852eae2d133075a3690d6ad744add48"

[[projects]]
  name = "google.golang.org/appengine"
  packages = [".","internal","internal/app_identity","internal/base","internal/datastore","internal/log","internal/modules","internal/remote_api","internal/socket","internal/urlfetch","socket","urlfetch"]
  revision = "150dc57a1b433e64154302bdc40b6bb8aefa313a"
  version = "v1.0.0"

[[projects]]
  branch = "master"
  name = "google.golang.org/genproto"
  packages = ["googleapis/api/annotations","googleapis/iam/v1","googleapis/rpc/status"]
  revision = "ee236bd376b077c7a89f260c026c4735b195e459"

[[projects]]
  name = "google.golang.org/grpc"
  packages = [".","codes","connectivity","credentials","credentials/oauth","grpclb/grpc_lb_v1","grpclog","internal","keepalive","metadata","naming","peer","stats","status","tap","transport"]
  revision = "b3ddf786825de56a4178401b7e174ee332173b66"
  version = "v1.5.2"

[[projects]]
  branch = "v3"
  name = "gopkg.in/alexcesaro/quotedprintable.v3"
  packages = ["."]
  revision = "2caba252f4dc53eaf6b553000885530023f54623"

[[projects]]
  name = "gopkg.in/gomail.v2"
  packages = ["."]
  revision = "41f3572897373c5538c50a2402db15db079fa4fd"
  version = "2.0.0"

[[projects]]
  branch = "v2"
  name = "gopkg.in/yaml.v2"
  packages = ["."]
  revision = "eb3733d160e74a9c7e442f435eb3bea458e1d19f"

[solve-meta]
  analyzer-name = "dep"
  analyzer-version = 1
  inputs-digest = "8bf0e22dd33d54cfdf16d76cce58f7d964ad4a2be9c2a9dd337bf7b616602d4d"
  solver-name = "gps-cdcl"
  solver-version = 1
